
Microsoft Visual Studio Solution File, Format Version 12.00
# Visual Studio Version 17
VisualStudioVersion = 17.0.31903.59
MinimumVisualStudioVersion = 10.0.40219.1
Project("{2150E333-8FDC-42A3-9474-1A3956D46DE8}") = "src", "src", "{827E0CD3-B72D-47B6-A68D-7590B98EB39B}"
EndProject
Project("{FAE04EC0-301F-11D3-BF4B-00C04F79EFBC}") = "CodexUsage.Core", "src\CodexUsage.Core\CodexUsage.Core.csproj", "{2499184D-8B12-4DE2-9F38-08EB1E166C8A}"
EndProject
Project("{FAE04EC0-301F-11D3-BF4B-00C04F79EFBC}") = "CodexUsage.Codex", "src\CodexUsage.Codex\CodexUsage.Codex.csproj", "{89BE3F9B-5F75-4F06-A31A-0DA1F1631B4A}"
EndProject
Project("{FAE04EC0-301F-11D3-BF4B-00C04F79EFBC}") = "CodexUsage.Poc", "src\CodexUsage.Poc\CodexUsage.Poc.csproj", "{4FA9A2B0-954E-48B6-ABDE-31CBDD4F0E78}"
EndProject
Project("{FAE04EC0-301F-11D3-BF4B-00C04F79EFBC}") = "CodexUsage.Desktop", "src\CodexUsage.Desktop\CodexUsage.Desktop.csproj", "{12F4B922-ED22-4D45-94E5-7095EF7F64D8}"
EndProject
Project("{FAE04EC0-301F-11D3-BF4B-00C04F79EFBC}") = "CodexUsage.macOS", "src\CodexUsage.macOS\CodexUsage.macOS.csproj", "{A28A0F04-0E42-40A3-915D-994823E54F35}"
EndProject
Project("{2150E333-8FDC-42A3-9474-1A3956D46DE8}") = "tests", "tests", "{0AB3BF05-4346-4AA6-1389-037BE0695223}"
EndProject
Project("{FAE04EC0-301F-11D3-BF4B-00C04F79EFBC}") = "CodexUsage.Core.Tests", "tests\CodexUsage.Core.Tests\CodexUsage.Core.Tests.csproj", "{59931971-52CE-4A28-8558-4FD02267AACF}"
EndProject
Project("{FAE04EC0-301F-11D3-BF4B-00C04F79EFBC}") = "CodexUsage.Codex.Tests", "tests\CodexUsage.Codex.Tests\CodexUsage.Codex.Tests.csproj", "{F3ABBCB3-DCA7-4686-8324-BA55E4B8C5D5}"
EndProject
Project("{FAE04EC0-301F-11D3-BF4B-00C04F79EFBC}") = "CodexUsage.Desktop.Tests", "tests\CodexUsage.Desktop.Tests\CodexUsage.Desktop.Tests.csproj", "{C826D08B-4CE3-4F09-A03D-59DB1FE1D55E}"
EndProject
Global
	GlobalSection(SolutionConfigurationPlatforms) = preSolution
		Debug|Any CPU = Debug|Any CPU
		Debug|x64 = Debug|x64
		Debug|x86 = Debug|x86
		Release|Any CPU = Release|Any CPU
		Release|x64 = Release|x64
		Release|x86 = Release|x86
	EndGlobalSection
	GlobalSection(ProjectConfigurationPlatforms) = postSolution
		{2499184D-8B12-4DE2-9F38-08EB1E166C8A}.Debug|Any CPU.ActiveCfg = Debug|Any CPU
		{2499184D-8B12-4DE2-9F38-08EB1E166C8A}.Debug|Any CPU.Build.0 = Debug|Any CPU
		{2499184D-8B12-4DE2-9F38-08EB1E166C8A}.Debug|x64.ActiveCfg = Debug|Any CPU
		{2499184D-8B12-4DE2-9F38-08EB1E166C8A}.Debug|x64.Build.0 = Debug|Any CPU
		{2499184D-8B12-4DE2-9F38-08EB1E166C8A}.Debug|x86.ActiveCfg = Debug|Any CPU
		{2499184D-8B12-4DE2-9F38-08EB1E166C8A}.Debug|x86.Build.0 = Debug|Any CPU
		{2499184D-8B12-4DE2-9F38-08EB1E166C8A}.Release|Any CPU.ActiveCfg = Release|Any CPU
		{2499184D-8B12-4DE2-9F38-08EB1E166C8A}.Release|Any CPU.Build.0 = Release|Any CPU
		{2499184D-8B12-4DE2-9F38-08EB1E166C8A}.Release|x64.ActiveCfg = Release|Any CPU
		{2499184D-8B12-4DE2-9F38-08EB1E166C8A}.Release|x64.Build.0 = Release|Any CPU
		{2499184D-8B12-4DE2-9F38-08EB1E166C8A}.Release|x86.ActiveCfg = Release|Any CPU
		{2499184D-8B12-4DE2-9F38-08EB1E166C8A}.Release|x86.Build.0 = Release|Any CPU
		{89BE3F9B-5F75-4F06-A31A-0DA1F1631B4A}.Debug|Any CPU.ActiveCfg = Debug|Any CPU
		{89BE3F9B-5F75-4F06-A31A-0DA1F1631B4A}.Debug|Any CPU.Build.0 = Debug|Any CPU
		{89BE3F9B-5F75-4F06-A31A-0DA1F1631B4A}.Debug|x64.ActiveCfg = Debug|Any CPU
		{89BE3F9B-5F75-4F06-A31A-0DA1F1631B4A}.Debug|x64.Build.0 = Debug|Any CPU
		{89BE3F9B-5F75-4F06-A31A-0DA1F1631B4A}.Debug|x86.ActiveCfg = Debug|Any CPU
		{89BE3F9B-5F75-4F06-A31A-0DA1F1631B4A}.Debug|x86.Build.0 = Debug|Any CPU
		{89BE3F9B-5F75-4F06-A31A-0DA1F1631B4A}.Release|Any CPU.ActiveCfg = Release|Any CPU
		{89BE3F9B-5F75-4F06-A31A-0DA1F1631B4A}.Release|Any CPU.Build.0 = Release|Any CPU
		{89BE3F9B-5F75-4F06-A31A-0DA1F1631B4A}.Release|x64.ActiveCfg = Release|Any CPU
		{89BE3F9B-5F75-4F06-A31A-0DA1F1631B4A}.Release|x64.Build.0 = Release|Any CPU
		{89BE3F9B-5F75-4F06-A31A-0DA1F1631B4A}.Release|x86.ActiveCfg = Release|Any CPU
		{89BE3F9B-5F75-4F06-A31A-0DA1F1631B4A}.Release|x86.Build.0 = Release|Any CPU
		{4FA9A2B0-954E-48B6-ABDE-31CBDD4F0E78}.Debug|Any CPU.ActiveCfg = Debug|Any CPU
		{4FA9A2B0-954E-48B6-ABDE-31CBDD4F0E78}.Debug|Any CPU.Build.0 = Debug|Any CPU
		{4FA9A2B0-954E-48B6-ABDE-31CBDD4F0E78}.Debug|x64.ActiveCfg = Debug|Any CPU
		{4FA9A2B0-954E-48B6-ABDE-31CBDD4F0E78}.Debug|x64.Build.0 = Debug|Any CPU
		{4FA9A2B0-954E-48B6-ABDE-31CBDD4F0E78}.Debug|x86.ActiveCfg = Debug|Any CPU
		{4FA9A2B0-954E-48B6-ABDE-31CBDD4F0E78}.Debug|x86.Build.0 = Debug|Any CPU
		{4FA9A2B0-954E-48B6-ABDE-31CBDD4F0E78}.Release|Any CPU.ActiveCfg = Release|Any CPU
		{4FA9A2B0-954E-48B6-ABDE-31CBDD4F0E78}.Release|Any CPU.Build.0 = Release|Any CPU
		{4FA9A2B0-954E-48B6-ABDE-31CBDD4F0E78}.Release|x64.ActiveCfg = Release|Any CPU
		{4FA9A2B0-954E-48B6-ABDE-31CBDD4F0E78}.Release|x64.Build.0 = Release|Any CPU
		{4FA9A2B0-954E-48B6-ABDE-31CBDD4F0E78}.Release|x86.ActiveCfg = Release|Any CPU
		{4FA9A2B0-954E-48B6-ABDE-31CBDD4F0E78}.Release|x86.Build.0 = Release|Any CPU
		{12F4B922-ED22-4D45-94E5-7095EF7F64D8}.Debug|Any CPU.ActiveCfg = Debug|Any CPU
		{12F4B922-ED22-4D45-94E5-7095EF7F64D8}.Debug|Any CPU.Build.0 = Debug|Any CPU
		{12F4B922-ED22-4D45-94E5-7095EF7F64D8}.Release|Any CPU.ActiveCfg = Release|Any CPU
		{12F4B922-ED22-4D45-94E5-7095EF7F64D8}.Release|Any CPU.Build.0 = Release|Any CPU
		{A28A0F04-0E42-40A3-915D-994823E54F35}.Debug|Any CPU.ActiveCfg = Debug|Any CPU
		{A28A0F04-0E42-40A3-915D-994823E54F35}.Debug|Any CPU.Build.0 = Debug|Any CPU
		{A28A0F04-0E42-40A3-915D-994823E54F35}.Release|Any CPU.ActiveCfg = Release|Any CPU
		{A28A0F04-0E42-40A3-915D-994823E54F35}.Release|Any CPU.Build.0 = Release|Any CPU
		{59931971-52CE-4A28-8558-4FD02267AACF}.Debug|Any CPU.ActiveCfg = Debug|Any CPU
		{59931971-52CE-4A28-8558-4FD02267AACF}.Debug|Any CPU.Build.0 = Debug|Any CPU
		{59931971-52CE-4A28-8558-4FD02267AACF}.Debug|x64.ActiveCfg = Debug|Any CPU
		{59931971-52CE-4A28-8558-4FD02267AACF}.Debug|x64.Build.0 = Debug|Any CPU
		{59931971-52CE-4A28-8558-4FD02267AACF}.Debug|x86.ActiveCfg = Debug|Any CPU
		{59931971-52CE-4A28-8558-4FD02267AACF}.Debug|x86.Build.0 = Debug|Any CPU
		{59931971-52CE-4A28-8558-4FD02267AACF}.Release|Any CPU.ActiveCfg = Release|Any CPU
		{59931971-52CE-4A28-8558-4FD02267AACF}.Release|Any CPU.Build.0 = Release|Any CPU
		{59931971-52CE-4A28-8558-4FD02267AACF}.Release|x64.ActiveCfg = Release|Any CPU
		{59931971-52CE-4A28-8558-4FD02267AACF}.Release|x64.Build.0 = Release|Any CPU
		{59931971-52CE-4A28-8558-4FD02267AACF}.Release|x86.ActiveCfg = Release|Any CPU
		{59931971-52CE-4A28-8558-4FD02267AACF}.Release|x86.Build.0 = Release|Any CPU
		{F3ABBCB3-DCA7-4686-8324-BA55E4B8C5D5}.Debug|Any CPU.ActiveCfg = Debug|Any CPU
		{F3ABBCB3-DCA7-4686-8324-BA55E4B8C5D5}.Debug|Any CPU.Build.0 = Debug|Any CPU
		{F3ABBCB3-DCA7-4686-8324-BA55E4B8C5D5}.Debug|x64.ActiveCfg = Debug|Any CPU
		{F3ABBCB3-DCA7-4686-8324-BA55E4B8C5D5}.Debug|x64.Build.0 = Debug|Any CPU
		{F3ABBCB3-DCA7-4686-8324-BA55E4B8C5D5}.Debug|x86.ActiveCfg = Debug|Any CPU
		{F3ABBCB3-DCA7-4686-8324-BA55E4B8C5D5}.Debug|x86.Build.0 = Debug|Any CPU
		{F3ABBCB3-DCA7-4686-8324-BA55E4B8C5D5}.Release|Any CPU.ActiveCfg = Release|Any CPU
		{F3ABBCB3-DCA7-4686-8324-BA55E4B8C5D5}.Release|Any CPU.Build.0 = Release|Any CPU
		{F3ABBCB3-DCA7-4686-8324-BA55E4B8C5D5}.Release|x64.ActiveCfg = Release|Any CPU
		{F3ABBCB3-DCA7-4686-8324-BA55E4B8C5D5}.Release|x64.Build.0 = Release|Any CPU
		{F3ABBCB3-DCA7-4686-8324-BA55E4B8C5D5}.Release|x86.ActiveCfg = Release|Any CPU
		{F3ABBCB3-DCA7-4686-8324-BA55E4B8C5D5}.Release|x86.Build.0 = Release|Any CPU
		{C826D08B-4CE3-4F09-A03D-59DB1FE1D55E}.Debug|Any CPU.ActiveCfg = Debug|Any CPU
		{C826D08B-4CE3-4F09-A03D-59DB1FE1D55E}.Debug|Any CPU.Build.0 = Debug|Any CPU
		{C826D08B-4CE3-4F09-A03D-59DB1FE1D55E}.Debug|x64.ActiveCfg = Debug|Any CPU
		{C826D08B-4CE3-4F09-A03D-59DB1FE1D55E}.Debug|x64.Build.0 = Debug|Any CPU
		{C826D08B-4CE3-4F09-A03D-59DB1FE1D55E}.Debug|x86.ActiveCfg = Debug|Any CPU
		{C826D08B-4CE3-4F09-A03D-59DB1FE1D55E}.Debug|x86.Build.0 = Debug|Any CPU
		{C826D08B-4CE3-4F09-A03D-59DB1FE1D55E}.Release|Any CPU.ActiveCfg = Release|Any CPU
		{C826D08B-4CE3-4F09-A03D-59DB1FE1D55E}.Release|Any CPU.Build.0 = Release|Any CPU
		{C826D08B-4CE3-4F09-A03D-59DB1FE1D55E}.Release|x64.ActiveCfg = Release|Any CPU
		{C826D08B-4CE3-4F09-A03D-59DB1FE1D55E}.Release|x64.Build.0 = Release|Any CPU
		{C826D08B-4CE3-4F09-A03D-59DB1FE1D55E}.Release|x86.ActiveCfg = Release|Any CPU
		{C826D08B-4CE3-4F09-A03D-59DB1FE1D55E}.Release|x86.Build.0 = Release|Any CPU
	EndGlobalSection
	GlobalSection(SolutionProperties) = preSolution
		HideSolutionNode = FALSE
	EndGlobalSection
	GlobalSection(NestedProjects) = preSolution
		{2499184D-8B12-4DE2-9F38-08EB1E166C8A} = {827E0CD3-B72D-47B6-A68D-7590B98EB39B}
		{89BE3F9B-5F75-4F06-A31A-0DA1F1631B4A} = {827E0CD3-B72D-47B6-A68D-7590B98EB39B}
		{4FA9A2B0-954E-48B6-ABDE-31CBDD4F0E78} = {827E0CD3-B72D-47B6-A68D-7590B98EB39B}
		{12F4B922-ED22-4D45-94E5-7095EF7F64D8} = {827E0CD3-B72D-47B6-A68D-7590B98EB39B}
		{A28A0F04-0E42-40A3-915D-994823E54F35} = {827E0CD3-B72D-47B6-A68D-7590B98EB39B}
		{59931971-52CE-4A28-8558-4FD02267AACF} = {0AB3BF05-4346-4AA6-1389-037BE0695223}
		{F3ABBCB3-DCA7-4686-8324-BA55E4B8C5D5} = {0AB3BF05-4346-4AA6-1389-037BE0695223}
		{C826D08B-4CE3-4F09-A03D-59DB1FE1D55E} = {0AB3BF05-4346-4AA6-1389-037BE0695223}
	EndGlobalSection
EndGlobal
